
Microsoft Visual Studio Solution File, Format Version 12.00
# Visual Studio Version 17
VisualStudioVersion = 17.4.33213.308
MinimumVisualStudioVersion = 10.0.40219.1
Project("{FAE04EC0-301F-11D3-BF4B-00C04F79EFBC}") = "GlidewillApi", "GlidewillApi\GlidewillApi.csproj", "{6E49005C-5750-4320-8340-FAC20DBC220B}"
EndProject
Global
	GlobalSection(SolutionConfigurationPlatforms) = preSolution
		Debug|Any CPU = Debug|Any CPU
		Release|Any CPU = Release|Any CPU
	EndGlobalSection
	GlobalSection(ProjectConfigurationPlatforms) = postSolution
		{6E49005C-5750-4320-8340-FAC20DBC220B}.Debug|Any CPU.ActiveCfg = Debug|Any CPU
		{6E49005C-5750-4320-8340-FAC20DBC220B}.Debug|Any CPU.Build.0 = Debug|Any CPU
		{6E49005C-5750-4320-8340-FAC20DBC220B}.Release|Any CPU.ActiveCfg = Release|Any CPU
		{6E49005C-5750-4320-8340-FAC20DBC220B}.Release|Any CPU.Build.0 = Release|Any CPU
	EndGlobalSection
	GlobalSection(SolutionProperties) = preSolution
		HideSolutionNode = FALSE
	EndGlobalSection
	GlobalSection(ExtensibilityGlobals) = postSolution
		SolutionGuid = {C2B9E8B0-2D76-42AE-A413-884D697E93AD}
	EndGlobalSection
EndGlobal
